// !$*UTF8*$!
{
	archiveVersion = 1;
	classes = {
	};
	objectVersion = 50;
	objects = {

/* Begin PBXBuildFile section */
		052AE81D255160800009E852 /* RatingControl.swift in Sources */ = {isa = PBXBuildFile; fileRef = 052AE81C255160800009E852 /* RatingControl.swift */; };
		05A1B4B6254E7CFF00EBDEE5 /* AppDelegate.swift in Sources */ = {isa = PBXBuildFile; fileRef = 05A1B4B5254E7CFF00EBDEE5 /* AppDelegate.swift */; };
		05A1B4B8254E7CFF00EBDEE5 /* SceneDelegate.swift in Sources */ = {isa = PBXBuildFile; fileRef = 05A1B4B7254E7CFF00EBDEE5 /* SceneDelegate.swift */; };
		05A1B4BA254E7CFF00EBDEE5 /* MealDetailViewController.swift in Sources */ = {isa = PBXBuildFile; fileRef = 05A1B4B9254E7CFF00EBDEE5 /* MealDetailViewController.swift */; };
		05A1B4BD254E7CFF00EBDEE5 /* Main.storyboard in Resources */ = {isa = PBXBuildFile; fileRef = 05A1B4BB254E7CFF00EBDEE5 /* Main.storyboard */; };
		05A1B4BF254E7D0000EBDEE5 /* Assets.xcassets in Resources */ = {isa = PBXBuildFile; fileRef = 05A1B4BE254E7D0000EBDEE5 /* Assets.xcassets */; };
		05A1B4C2254E7D0000EBDEE5 /* LaunchScreen.storyboard in Resources */ = {isa = PBXBuildFile; fileRef = 05A1B4C0254E7D0000EBDEE5 /* LaunchScreen.storyboard */; };
		05A1B4CD254E7D0000EBDEE5 /* FoodTrackerTests.swift in Sources */ = {isa = PBXBuildFile; fileRef = 05A1B4CC254E7D0000EBDEE5 /* FoodTrackerTests.swift */; };
		05A1B4D8254E7D0000EBDEE5 /* FoodTrackerUITests.swift in Sources */ = {isa = PBXBuildFile; fileRef = 05A1B4D7254E7D0000EBDEE5 /* FoodTrackerUITests.swift */; };
		05BAA8B12552D39A0045BFAB /* Meal.swift in Sources */ = {isa = PBXBuildFile; fileRef = 05BAA8B02552D39A0045BFAB /* Meal.swift */; };
		05C454B32556FB6100558242 /* MealTableViewController.swift in Sources */ = {isa = PBXBuildFile; fileRef = 05C454B22556FB6100558242 /* MealTableViewController.swift */; };
		05C45B762556E4860020E67F /* MealTableViewCell.swift in Sources */ = {isa = PBXBuildFile; fileRef = 05C45B752556E4860020E67F /* MealTableViewCell.swift */; };
/* End PBXBuildFile section */

/* Begin PBXContainerItemProxy section */
		05A1B4C9254E7D0000EBDEE5 /* PBXContainerItemProxy */ = {
			isa = PBXContainerItemProxy;
			containerPortal = 05A1B4AA254E7CFF00EBDEE5 /* Project object */;
			proxyType = 1;
			remoteGlobalIDString = 05A1B4B1254E7CFF00EBDEE5;
			remoteInfo = FoodTracker;
		};
		05A1B4D4254E7D0000EBDEE5 /* PBXContainerItemProxy */ = {
			isa = PBXContainerItemProxy;
			containerPortal = 05A1B4AA254E7CFF00EBDEE5 /* Project object */;
			proxyType = 1;
			remoteGlobalIDString = 05A1B4B1254E7CFF00EBDEE5;
			remoteInfo = FoodTracker;
		};
/* End PBXContainerItemProxy section */

/* Begin PBXFileReference section */
		052AE81C255160800009E852 /* RatingControl.swift */ = {isa = PBXFileReference; lastKnownFileType = sourcecode.swift; path = RatingControl.swift; sourceTree = "<group>"; };
		05A1B4B2254E7CFF00EBDEE5 /* FoodTracker.app */ = {isa = PBXFileReference; explicitFileType = wrapper.application; includeInIndex = 0; path = FoodTracker.app; sourceTree = BUILT_PRODUCTS_DIR; };
		05A1B4B5254E7CFF00EBDEE5 /* AppDelegate.swift */ = {isa = PBXFileReference; lastKnownFileType = sourcecode.swift; path = AppDelegate.swift; sourceTree = "<group>"; };
		05A1B4B7254E7CFF00EBDEE5 /* SceneDelegate.swift */ = {isa = PBXFileReference; lastKnownFileType = sourcecode.swift; path = SceneDelegate.swift; sourceTree = "<group>"; };
		05A1B4B9254E7CFF00EBDEE5 /* MealDetailViewController.swift */ = {isa = PBXFileReference; lastKnownFileType = sourcecode.swift; path = MealDetailViewController.swift; sourceTree = "<group>"; };
		05A1B4BC254E7CFF00EBDEE5 /* Base */ = {isa = PBXFileReference; lastKnownFileType = file.storyboard; name = Base; path = Base.lproj/Main.storyboard; sourceTree = "<group>"; };
		05A1B4BE254E7D0000EBDEE5 /* Assets.xcassets */ = {isa = PBXFileReference; lastKnownFileType = folder.assetcatalog; path = Assets.xcassets; sourceTree = "<group>"; };
		05A1B4C1254E7D0000EBDEE5 /* Base */ = {isa = PBXFileReference; lastKnownFileType = file.storyboard; name = Base; path = Base.lproj/LaunchScreen.storyboard; sourceTree = "<group>"; };
		05A1B4C3254E7D0000EBDEE5 /* Info.plist */ = {isa = PBXFileReference; lastKnownFileType = text.plist.xml; path = Info.plist; sourceTree = "<group>"; };
		05A1B4C8254E7D0000EBDEE5 /* FoodTrackerTests.xctest */ = {isa = PBXFileReference; explicitFileType = wrapper.cfbundle; includeInIndex = 0; path = FoodTrackerTests.xctest; sourceTree = BUILT_PRODUCTS_DIR; };
		05A1B4CC254E7D0000EBDEE5 /* FoodTrackerTests.swift */ = {isa = PBXFileReference; lastKnownFileType = sourcecode.swift; path = FoodTrackerTests.swift; sourceTree = "<group>"; };
		05A1B4CE254E7D0000EBDEE5 /* Info.plist */ = {isa = PBXFileReference; lastKnownFileType = text.plist.xml; path = Info.plist; sourceTree = "<group>"; };
		05A1B4D3254E7D0000EBDEE5 /* FoodTrackerUITests.xctest */ = {isa = PBXFileReference; explicitFileType = wrapper.cfbundle; includeInIndex = 0; path = FoodTrackerUITests.xctest; sourceTree = BUILT_PRODUCTS_DIR; };
		05A1B4D7254E7D0000EBDEE5 /* FoodTrackerUITests.swift */ = {isa = PBXFileReference; lastKnownFileType = sourcecode.swift; path = FoodTrackerUITests.swift; sourceTree = "<group>"; };
		05A1B4D9254E7D0000EBDEE5 /* Info.plist */ = {isa = PBXFileReference; lastKnownFileType = text.plist.xml; path = Info.plist; sourceTree = "<group>"; };
		05BAA8B02552D39A0045BFAB /* Meal.swift */ = {isa = PBXFileReference; lastKnownFileType = sourcecode.swift; path = Meal.swift; sourceTree = "<group>"; };
		05C454B22556FB6100558242 /* MealTableViewController.swift */ = {isa = PBXFileReference; lastKnownFileType = sourcecode.swift; path = MealTableViewController.swift; sourceTree = "<group>"; };
		05C45B752556E4860020E67F /* MealTableViewCell.swift */ = {isa = PBXFileReference; lastKnownFileType = sourcecode.swift; path = MealTableViewCell.swift; sourceTree = "<group>"; };
/* End PBXFileReference section */

/* Begin PBXFrameworksBuildPhase section */
		05A1B4AF254E7CFF00EBDEE5 /* Frameworks */ = {
			isa = PBXFrameworksBuildPhase;
			buildActionMask = 2147483647;
			files = (
			);
			runOnlyForDeploymentPostprocessing = 0;
		};
		05A1B4C5254E7D0000EBDEE5 /* Frameworks */ = {
			isa = PBXFrameworksBuildPhase;
			buildActionMask = 2147483647;
			files = (
			);
			runOnlyForDeploymentPostprocessing = 0;
		};
		05A1B4D0254E7D0000EBDEE5 /* Frameworks */ = {
			isa = PBXFrameworksBuildPhase;
			buildActionMask = 2147483647;
			files = (
			);
			runOnlyForDeploymentPostprocessing = 0;
		};
/* End PBXFrameworksBuildPhase section */

/* Begin PBXGroup section */
		05A1B4A9254E7CFF00EBDEE5 = {
			isa = PBXGroup;
			children = (
				05A1B4B4254E7CFF00EBDEE5 /* FoodTracker */,
				05A1B4CB254E7D0000EBDEE5 /* FoodTrackerTests */,
				05A1B4D6254E7D0000EBDEE5 /* FoodTrackerUITests */,
				05A1B4B3254E7CFF00EBDEE5 /* Products */,
			);
			sourceTree = "<group>";
		};
		05A1B4B3254E7CFF00EBDEE5 /* Products */ = {
			isa = PBXGroup;
			children = (
				05A1B4B2254E7CFF00EBDEE5 /* FoodTracker.app */,
				05A1B4C8254E7D0000EBDEE5 /* FoodTrackerTests.xctest */,
				05A1B4D3254E7D0000EBDEE5 /* FoodTrackerUITests.xctest */,
			);
			name = Products;
			sourceTree = "<group>";
		};
		05A1B4B4254E7CFF00EBDEE5 /* FoodTracker */ = {
			isa = PBXGroup;
			children = (
				05A1B4B5254E7CFF00EBDEE5 /* AppDelegate.swift */,
				05A1B4B7254E7CFF00EBDEE5 /* SceneDelegate.swift */,
				05A1B4B9254E7CFF00EBDEE5 /* MealDetailViewController.swift */,
				05BAA8B02552D39A0045BFAB /* Meal.swift */,
				052AE81C255160800009E852 /* RatingControl.swift */,
				05A1B4BB254E7CFF00EBDEE5 /* Main.storyboard */,
				05C45B752556E4860020E67F /* MealTableViewCell.swift */,
				05C454B22556FB6100558242 /* MealTableViewController.swift */,
				05A1B4BE254E7D0000EBDEE5 /* Assets.xcassets */,
				05A1B4C0254E7D0000EBDEE5 /* LaunchScreen.storyboard */,
				05A1B4C3254E7D0000EBDEE5 /* Info.plist */,
			);
			path = FoodTracker;
			sourceTree = "<group>";
		};
		05A1B4CB254E7D0000EBDEE5 /* FoodTrackerTests */ = {
			isa = PBXGroup;
			children = (
				05A1B4CC254E7D0000EBDEE5 /* FoodTrackerTests.swift */,
				05A1B4CE254E7D0000EBDEE5 /* Info.plist */,
			);
			path = FoodTrackerTests;
			sourceTree = "<group>";
		};
		05A1B4D6254E7D0000EBDEE5 /* FoodTrackerUITests */ = {
			isa = PBXGroup;
			children = (
				05A1B4D7254E7D0000EBDEE5 /* FoodTrackerUITests.swift */,
				05A1B4D9254E7D0000EBDEE5 /* Info.plist */,
			);
			path = FoodTrackerUITests;
			sourceTree = "<group>";
		};
/* End PBXGroup section */

/* Begin PBXNativeTarget section */
		05A1B4B1254E7CFF00EBDEE5 /* FoodTracker */ = {
			isa = PBXNativeTarget;
			buildConfigurationList = 05A1B4DC254E7D0000EBDEE5 /* Build configuration list for PBXNativeTarget "FoodTracker" */;
			buildPhases = (
				05A1B4AE254E7CFF00EBDEE5 /* Sources */,
				05A1B4AF254E7CFF00EBDEE5 /* Frameworks */,
				05A1B4B0254E7CFF00EBDEE5 /* Resources */,
			);
			buildRules = (
			);
			dependencies = (
			);
			name = FoodTracker;
			productName = FoodTracker;
			productReference = 05A1B4B2254E7CFF00EBDEE5 /* FoodTracker.app */;
			productType = "com.apple.product-type.application";
		};
		05A1B4C7254E7D0000EBDEE5 /* FoodTrackerTests */ = {
			isa = PBXNativeTarget;
			buildConfigurationList = 05A1B4DF254E7D0000EBDEE5 /* Build configuration list for PBXNativeTarget "FoodTrackerTests" */;
			buildPhases = (
				05A1B4C4254E7D0000EBDEE5 /* Sources */,
				05A1B4C5254E7D0000EBDEE5 /* Frameworks */,
				05A1B4C6254E7D0000EBDEE5 /* Resources */,
			);
			buildRules = (
			);
			dependencies = (
				05A1B4CA254E7D0000EBDEE5 /* PBXTargetDependency */,
			);
			name = FoodTrackerTests;
			productName = FoodTrackerTests;
			productReference = 05A1B4C8254E7D0000EBDEE5 /* FoodTrackerTests.xctest */;
			productType = "com.apple.product-type.bundle.unit-test";
		};
		05A1B4D2254E7D0000EBDEE5 /* FoodTrackerUITests */ = {
			isa = PBXNativeTarget;
			buildConfigurationList = 05A1B4E2254E7D0000EBDEE5 /* Build configuration list for PBXNativeTarget "FoodTrackerUITests" */;
			buildPhases = (
				05A1B4CF254E7D0000EBDEE5 /* Sources */,
				05A1B4D0254E7D0000EBDEE5 /* Frameworks */,
				05A1B4D1254E7D0000EBDEE5 /* Resources */,
			);
			buildRules = (
			);
			dependencies = (
				05A1B4D5254E7D0000EBDEE5 /* PBXTargetDependency */,
			);
			name = FoodTrackerUITests;
			productName = FoodTrackerUITests;
			productReference = 05A1B4D3254E7D0000EBDEE5 /* FoodTrackerUITests.xctest */;
			productType = "com.apple.product-type.bundle.ui-testing";
		};
/* End PBXNativeTarget section */

/* Begin PBXProject section */
		05A1B4AA254E7CFF00EBDEE5 /* Project object */ = {
			isa = PBXProject;
			attributes = {
				LastSwiftUpdateCheck = 1210;
				LastUpgradeCheck = 1210;
				TargetAttributes = {
					05A1B4B1254E7CFF00EBDEE5 = {
						CreatedOnToolsVersion = 12.1;
					};
					05A1B4C7254E7D0000EBDEE5 = {
						CreatedOnToolsVersion = 12.1;
						TestTargetID = 05A1B4B1254E7CFF00EBDEE5;
					};
					05A1B4D2254E7D0000EBDEE5 = {
						CreatedOnToolsVersion = 12.1;
						TestTargetID = 05A1B4B1254E7CFF00EBDEE5;
					};
				};
			};
			buildConfigurationList = 05A1B4AD254E7CFF00EBDEE5 /* Build configuration list for PBXProject "FoodTracker" */;
			compatibilityVersion = "Xcode 9.3";
			developmentRegion = en;
			hasScannedForEncodings = 0;
			knownRegions = (
				en,
				Base,
			);
			mainGroup = 05A1B4A9254E7CFF00EBDEE5;
			productRefGroup = 05A1B4B3254E7CFF00EBDEE5 /* Products */;
			projectDirPath = "";
			projectRoot = "";
			targets = (
				05A1B4B1254E7CFF00EBDEE5 /* FoodTracker */,
				05A1B4C7254E7D0000EBDEE5 /* FoodTrackerTests */,
				05A1B4D2254E7D0000EBDEE5 /* FoodTrackerUITests */,
			);
		};
/* End PBXProject section */

/* Begin PBXResourcesBuildPhase section */
		05A1B4B0254E7CFF00EBDEE5 /* Resources */ = {
			isa = PBXResourcesBuildPhase;
			buildActionMask = 2147483647;
			files = (
				05A1B4C2254E7D0000EBDEE5 /* LaunchScreen.storyboard in Resources */,
				05A1B4BF254E7D0000EBDEE5 /* Assets.xcassets in Resources */,
				05A1B4BD254E7CFF00EBDEE5 /* Main.storyboard in Resources */,
			);
			runOnlyForDeploymentPostprocessing = 0;
		};
		05A1B4C6254E7D0000EBDEE5 /* Resources */ = {
			isa = PBXResourcesBuildPhase;
			buildActionMask = 2147483647;
			files = (
			);
			runOnlyForDeploymentPostprocessing = 0;
		};
		05A1B4D1254E7D0000EBDEE5 /* Resources */ = {
			isa = PBXResourcesBuildPhase;
			buildActionMask = 2147483647;
			files = (
			);
			runOnlyForDeploymentPostprocessing = 0;
		};
/* End PBXResourcesBuildPhase section */

/* Begin PBXSourcesBuildPhase section */
		05A1B4AE254E7CFF00EBDEE5 /* Sources */ = {
			isa = PBXSourcesBuildPhase;
			buildActionMask = 2147483647;
			files = (
				05BAA8B12552D39A0045BFAB /* Meal.swift in Sources */,
				052AE81D255160800009E852 /* RatingControl.swift in Sources */,
				05C454B32556FB6100558242 /* MealTableViewController.swift in Sources */,
				05C45B762556E4860020E67F /* MealTableViewCell.swift in Sources */,
				05A1B4BA254E7CFF00EBDEE5 /* MealDetailViewController.swift in Sources */,
				05A1B4B6254E7CFF00EBDEE5 /* AppDelegate.swift in Sources */,
				05A1B4B8254E7CFF00EBDEE5 /* SceneDelegate.swift in Sources */,
			);
			runOnlyForDeploymentPostprocessing = 0;
		};
		05A1B4C4254E7D0000EBDEE5 /* Sources */ = {
			isa = PBXSourcesBuildPhase;
			buildActionMask = 2147483647;
			files = (
				05A1B4CD254E7D0000EBDEE5 /* FoodTrackerTests.swift in Sources */,
			);
			runOnlyForDeploymentPostprocessing = 0;
		};
		05A1B4CF254E7D0000EBDEE5 /* Sources */ = {
			isa = PBXSourcesBuildPhase;
			buildActionMask = 2147483647;
			files = (
				05A1B4D8254E7D0000EBDEE5 /* FoodTrackerUITests.swift in Sources */,
			);
			runOnlyForDeploymentPostprocessing = 0;
		};
/* End PBXSourcesBuildPhase section */

/* Begin PBXTargetDependency section */
		05A1B4CA254E7D0000EBDEE5 /* PBXTargetDependency */ = {
			isa = PBXTargetDependency;
			target = 05A1B4B1254E7CFF00EBDEE5 /* FoodTracker */;
			targetProxy = 05A1B4C9254E7D0000EBDEE5 /* PBXContainerItemProxy */;
		};
		05A1B4D5254E7D0000EBDEE5 /* PBXTargetDependency */ = {
			isa = PBXTargetDependency;
			target = 05A1B4B1254E7CFF00EBDEE5 /* FoodTracker */;
			targetProxy = 05A1B4D4254E7D0000EBDEE5 /* PBXContainerItemProxy */;
		};
/* End PBXTargetDependency section */

/* Begin PBXVariantGroup section */
		05A1B4BB254E7CFF00EBDEE5 /* Main.storyboard */ = {
			isa = PBXVariantGroup;
			children = (
				05A1B4BC254E7CFF00EBDEE5 /* Base */,
			);
			name = Main.storyboard;
			sourceTree = "<group>";
		};
		05A1B4C0254E7D0000EBDEE5 /* LaunchScreen.storyboard */ = {
			isa = PBXVariantGroup;
			children = (
				05A1B4C1254E7D0000EBDEE5 /* Base */,
			);
			name = LaunchScreen.storyboard;
			sourceTree = "<group>";
		};
/* End PBXVariantGroup section */

/* Begin XCBuildConfiguration section */
		05A1B4DA254E7D0000EBDEE5 /* Debug */ = {
			isa = XCBuildConfiguration;
			buildSettings = {
				ALWAYS_SEARCH_USER_PATHS = NO;
				CLANG_ANALYZER_NONNULL = YES;
				CLANG_ANALYZER_NUMBER_OBJECT_CONVERSION = YES_AGGRESSIVE;
				CLANG_CXX_LANGUAGE_STANDARD = "gnu++14";
				CLANG_CXX_LIBRARY = "libc++";
				CLANG_ENABLE_MODULES = YES;
				CLANG_ENABLE_OBJC_ARC = YES;
				CLANG_ENABLE_OBJC_WEAK = YES;
				CLANG_WARN_BLOCK_CAPTURE_AUTORELEASING = YES;
				CLANG_WARN_BOOL_CONVERSION = YES;
				CLANG_WARN_COMMA = YES;
				CLANG_WARN_CONSTANT_CONVERSION = YES;
				CLANG_WARN_DEPRECATED_OBJC_IMPLEMENTATIONS = YES;
				CLANG_WARN_DIRECT_OBJC_ISA_USAGE = YES_ERROR;
				CLANG_WARN_DOCUMENTATION_COMMENTS = YES;
				CLANG_WARN_EMPTY_BODY = YES;
				CLANG_WARN_ENUM_CONVERSION = YES;
				CLANG_WARN_INFINITE_RECURSION = YES;
				CLANG_WARN_INT_CONVERSION = YES;
				CLANG_WARN_NON_LITERAL_NULL_CONVERSION = YES;
				CLANG_WARN_OBJC_IMPLICIT_RETAIN_SELF = YES;
				CLANG_WARN_OBJC_LITERAL_CONVERSION = YES;
				CLANG_WARN_OBJC_ROOT_CLASS = YES_ERROR;
				CLANG_WARN_QUOTED_INCLUDE_IN_FRAMEWORK_HEADER = YES;
				CLANG_WARN_RANGE_LOOP_ANALYSIS = YES;
				CLANG_WARN_STRICT_PROTOTYPES = YES;
				CLANG_WARN_SUSPICIOUS_MOVE = YES;
				CLANG_WARN_UNGUARDED_AVAILABILITY = YES_AGGRESSIVE;
				CLANG_WARN_UNREACHABLE_CODE = YES;
				CLANG_WARN__DUPLICATE_METHOD_MATCH = YES;
				COPY_PHASE_STRIP = NO;
				DEBUG_INFORMATION_FORMAT = dwarf;
				ENABLE_STRICT_OBJC_MSGSEND = YES;
				ENABLE_TESTABILITY = YES;
				GCC_C_LANGUAGE_STANDARD = gnu11;
				GCC_DYNAMIC_NO_PIC = NO;
				GCC_NO_COMMON_BLOCKS = YES;
				GCC_OPTIMIZATION_LEVEL = 0;
				GCC_PREPROCESSOR_DEFINITIONS = (
					"DEBUG=1",
					"$(inherited)",
				);
				GCC_WARN_64_TO_32_BIT_CONVERSION = YES;
				GCC_WARN_ABOUT_RETURN_TYPE = YES_ERROR;
				GCC_WARN_UNDECLARED_SELECTOR = YES;
				GCC_WARN_UNINITIALIZED_AUTOS = YES_AGGRESSIVE;
				GCC_WARN_UNUSED_FUNCTION = YES;
				GCC_WARN_UNUSED_VARIABLE = YES;
				IPHONEOS_DEPLOYMENT_TARGET = 14.1;
				MTL_ENABLE_DEBUG_INFO = INCLUDE_SOURCE;
				MTL_FAST_MATH = YES;
				ONLY_ACTIVE_ARCH = YES;
				SDKROOT = iphoneos;
				SWIFT_ACTIVE_COMPILATION_CONDITIONS = DEBUG;
				SWIFT_OPTIMIZATION_LEVEL = "-Onone";
			};
			name = Debug;
		};
		05A1B4DB254E7D0000EBDEE5 /* Release */ = {
			isa = XCBuildConfiguration;
			buildSettings = {
				ALWAYS_SEARCH_USER_PATHS = NO;
				CLANG_ANALYZER_NONNULL = YES;
				CLANG_ANALYZER_NUMBER_OBJECT_CONVERSION = YES_AGGRESSIVE;
				CLANG_CXX_LANGUAGE_STANDARD = "gnu++14";
				CLANG_CXX_LIBRARY = "libc++";
				CLANG_ENABLE_MODULES = YES;
				CLANG_ENABLE_OBJC_ARC = YES;
				CLANG_ENABLE_OBJC_WEAK = YES;
				CLANG_WARN_BLOCK_CAPTURE_AUTORELEASING = YES;
				CLANG_WARN_BOOL_CONVERSION = YES;
				CLANG_WARN_COMMA = YES;
				CLANG_WARN_CONSTANT_CONVERSION = YES;
				CLANG_WARN_DEPRECATED_OBJC_IMPLEMENTATIONS = YES;
				CLANG_WARN_DIRECT_OBJC_ISA_USAGE = YES_ERROR;
				CLANG_WARN_DOCUMENTATION_COMMENTS = YES;
				CLANG_WARN_EMPTY_BODY = YES;
				CLANG_WARN_ENUM_CONVERSION = YES;
				CLANG_WARN_INFINITE_RECURSION = YES;
				CLANG_WARN_INT_CONVERSION = YES;
				CLANG_WARN_NON_LITERAL_NULL_CONVERSION = YES;
				CLANG_WARN_OBJC_IMPLICIT_RETAIN_SELF = YES;
				CLANG_WARN_OBJC_LITERAL_CONVERSION = YES;
				CLANG_WARN_OBJC_ROOT_CLASS = YES_ERROR;
				CLANG_WARN_QUOTED_INCLUDE_IN_FRAMEWORK_HEADER = YES;
				CLANG_WARN_RANGE_LOOP_ANALYSIS = YES;
				CLANG_WARN_STRICT_PROTOTYPES = YES;
				CLANG_WARN_SUSPICIOUS_MOVE = YES;
				CLANG_WARN_UNGUARDED_AVAILABILITY = YES_AGGRESSIVE;
				CLANG_WARN_UNREACHABLE_CODE = YES;
				CLANG_WARN__DUPLICATE_METHOD_MATCH = YES;
				COPY_PHASE_STRIP = NO;
				DEBUG_INFORMATION_FORMAT = "dwarf-with-dsym";
				ENABLE_NS_ASSERTIONS = NO;
				ENABLE_STRICT_OBJC_MSGSEND = YES;
				GCC_C_LANGUAGE_STANDARD = gnu11;
				GCC_NO_COMMON_BLOCKS = YES;
				GCC_WARN_64_TO_32_BIT_CONVERSION = YES;
				GCC_WARN_ABOUT_RETURN_TYPE = YES_ERROR;
				GCC_WARN_UNDECLARED_SELECTOR = YES;
				GCC_WARN_UNINITIALIZED_AUTOS = YES_AGGRESSIVE;
				GCC_WARN_UNUSED_FUNCTION = YES;
				GCC_WARN_UNUSED_VARIABLE = YES;
				IPHONEOS_DEPLOYMENT_TARGET = 14.1;
				MTL_ENABLE_DEBUG_INFO = NO;
				MTL_FAST_MATH = YES;
				SDKROOT = iphoneos;
				SWIFT_COMPILATION_MODE = wholemodule;
				SWIFT_OPTIMIZATION_LEVEL = "-O";
				VALIDATE_PRODUCT = YES;
			};
			name = Release;
		};
		05A1B4DD254E7D0000EBDEE5 /* Debug */ = {
			isa = XCBuildConfiguration;
			buildSettings = {
				ASSETCATALOG_COMPILER_APPICON_NAME = AppIcon;
				ASSETCATALOG_COMPILER_GLOBAL_ACCENT_COLOR_NAME = AccentColor;
				CODE_SIGN_STYLE = Automatic;
				DEVELOPMENT_TEAM = P4FA4M9P57;
				INFOPLIST_FILE = FoodTracker/Info.plist;
				LD_RUNPATH_SEARCH_PATHS = (
					"$(inherited)",
					"@executable_path/Frameworks",
				);
				PRODUCT_BUNDLE_IDENTIFIER = com.tatsuyafujisaki.FoodTracker;
				PRODUCT_NAME = "$(TARGET_NAME)";
				SWIFT_VERSION = 5.0;
				TARGETED_DEVICE_FAMILY = "1,2";
			};
			name = Debug;
		};
		05A1B4DE254E7D0000EBDEE5 /* Release */ = {
			isa = XCBuildConfiguration;
			buildSettings = {
				ASSETCATALOG_COMPILER_APPICON_NAME = AppIcon;
				ASSETCATALOG_COMPILER_GLOBAL_ACCENT_COLOR_NAME = AccentColor;
				CODE_SIGN_STYLE = Automatic;
				DEVELOPMENT_TEAM = P4FA4M9P57;
				INFOPLIST_FILE = FoodTracker/Info.plist;
				LD_RUNPATH_SEARCH_PATHS = (
					"$(inherited)",
					"@executable_path/Frameworks",
				);
				PRODUCT_BUNDLE_IDENTIFIER = com.tatsuyafujisaki.FoodTracker;
				PRODUCT_NAME = "$(TARGET_NAME)";
				SWIFT_VERSION = 5.0;
				TARGETED_DEVICE_FAMILY = "1,2";
			};
			name = Release;
		};
		05A1B4E0254E7D0000EBDEE5 /* Debug */ = {
			isa = XCBuildConfiguration;
			buildSettings = {
				ALWAYS_EMBED_SWIFT_STANDARD_LIBRARIES = YES;
				BUNDLE_LOADER = "$(TEST_HOST)";
				CODE_SIGN_STYLE = Automatic;
				DEVELOPMENT_TEAM = P4FA4M9P57;
				INFOPLIST_FILE = FoodTrackerTests/Info.plist;
				IPHONEOS_DEPLOYMENT_TARGET = 14.1;
				LD_RUNPATH_SEARCH_PATHS = (
					"$(inherited)",
					"@executable_path/Frameworks",
					"@loader_path/Frameworks",
				);
				PRODUCT_BUNDLE_IDENTIFIER = com.tatsuyafujisaki.FoodTrackerTests;
				PRODUCT_NAME = "$(TARGET_NAME)";
				SWIFT_VERSION = 5.0;
				TARGETED_DEVICE_FAMILY = "1,2";
				TEST_HOST = "$(BUILT_PRODUCTS_DIR)/FoodTracker.app/FoodTracker";
			};
			name = Debug;
		};
		05A1B4E1254E7D0000EBDEE5 /* Release */ = {
			isa = XCBuildConfiguration;
			buildSettings = {
				ALWAYS_EMBED_SWIFT_STANDARD_LIBRARIES = YES;
				BUNDLE_LOADER = "$(TEST_HOST)";
				CODE_SIGN_STYLE = Automatic;
				DEVELOPMENT_TEAM = P4FA4M9P57;
				INFOPLIST_FILE = FoodTrackerTests/Info.plist;
				IPHONEOS_DEPLOYMENT_TARGET = 14.1;
				LD_RUNPATH_SEARCH_PATHS = (
					"$(inherited)",
					"@executable_path/Frameworks",
					"@loader_path/Frameworks",
				);
				PRODUCT_BUNDLE_IDENTIFIER = com.tatsuyafujisaki.FoodTrackerTests;
				PRODUCT_NAME = "$(TARGET_NAME)";
				SWIFT_VERSION = 5.0;
				TARGETED_DEVICE_FAMILY = "1,2";
				TEST_HOST = "$(BUILT_PRODUCTS_DIR)/FoodTracker.app/FoodTracker";
			};
			name = Release;
		};
		05A1B4E3254E7D0000EBDEE5 /* Debug */ = {
			isa = XCBuildConfiguration;
			buildSettings = {
				ALWAYS_EMBED_SWIFT_STANDARD_LIBRARIES = YES;
				CODE_SIGN_STYLE = Automatic;
				DEVELOPMENT_TEAM = P4FA4M9P57;
				INFOPLIST_FILE = FoodTrackerUITests/Info.plist;
				LD_RUNPATH_SEARCH_PATHS = (
					"$(inherited)",
					"@executable_path/Frameworks",
					"@loader_path/Frameworks",
				);
				PRODUCT_BUNDLE_IDENTIFIER = com.tatsuyafujisaki.FoodTrackerUITests;
				PRODUCT_NAME = "$(TARGET_NAME)";
				SWIFT_VERSION = 5.0;
				TARGETED_DEVICE_FAMILY = "1,2";
				TEST_TARGET_NAME = FoodTracker;
			};
			name = Debug;
		};
		05A1B4E4254E7D0000EBDEE5 /* Release */ = {
			isa = XCBuildConfiguration;
			buildSettings = {
				ALWAYS_EMBED_SWIFT_STANDARD_LIBRARIES = YES;
				CODE_SIGN_STYLE = Automatic;
				DEVELOPMENT_TEAM = P4FA4M9P57;
				INFOPLIST_FILE = FoodTrackerUITests/Info.plist;
				LD_RUNPATH_SEARCH_PATHS = (
					"$(inherited)",
					"@executable_path/Frameworks",
					"@loader_path/Frameworks",
				);
				PRODUCT_BUNDLE_IDENTIFIER = com.tatsuyafujisaki.FoodTrackerUITests;
				PRODUCT_NAME = "$(TARGET_NAME)";
				SWIFT_VERSION = 5.0;
				TARGETED_DEVICE_FAMILY = "1,2";
				TEST_TARGET_NAME = FoodTracker;
			};
			name = Release;
		};
/* End XCBuildConfiguration section */

/* Begin XCConfigurationList section */
		05A1B4AD254E7CFF00EBDEE5 /* Build configuration list for PBXProject "FoodTracker" */ = {
			isa = XCConfigurationList;
			buildConfigurations = (
				05A1B4DA254E7D0000EBDEE5 /* Debug */,
				05A1B4DB254E7D0000EBDEE5 /* Release */,
			);
			defaultConfigurationIsVisible = 0;
			defaultConfigurationName = Release;
		};
		05A1B4DC254E7D0000EBDEE5 /* Build configuration list for PBXNativeTarget "FoodTracker" */ = {
			isa = XCConfigurationList;
			buildConfigurations = (
				05A1B4DD254E7D0000EBDEE5 /* Debug */,
				05A1B4DE254E7D0000EBDEE5 /* Release */,
			);
			defaultConfigurationIsVisible = 0;
			defaultConfigurationName = Release;
		};
		05A1B4DF254E7D0000EBDEE5 /* Build configuration list for PBXNativeTarget "FoodTrackerTests" */ = {
			isa = XCConfigurationList;
			buildConfigurations = (
				05A1B4E0254E7D0000EBDEE5 /* Debug */,
				05A1B4E1254E7D0000EBDEE5 /* Release */,
			);
			defaultConfigurationIsVisible = 0;
			defaultConfigurationName = Release;
		};
		05A1B4E2254E7D0000EBDEE5 /* Build configuration list for PBXNativeTarget "FoodTrackerUITests" */ = {
			isa = XCConfigurationList;
			buildConfigurations = (
				05A1B4E3254E7D0000EBDEE5 /* Debug */,
				05A1B4E4254E7D0000EBDEE5 /* Release */,
			);
			defaultConfigurationIsVisible = 0;
			defaultConfigurationName = Release;
		};
/* End XCConfigurationList section */
	};
	rootObject = 05A1B4AA254E7CFF00EBDEE5 /* Project object */;
}
